
Microsoft Visual Studio Solution File, Format Version 12.00
# Visual Studio Version 17
VisualStudioVersion = 17.11.35327.3
MinimumVisualStudioVersion = 10.0.40219.1
Project("{FAE04EC0-301F-11D3-BF4B-00C04F79EFBC}") = "PredictiveMedicineApplication", "PredictiveMedicineApplication.csproj", "{F877D20F-1D53-4CC5-B873-52BFD00295B8}"
EndProject
Global
	GlobalSection(SolutionConfigurationPlatforms) = preSolution
		Debug|Any CPU = Debug|Any CPU
		Release|Any CPU = Release|Any CPU
	EndGlobalSection
	GlobalSection(ProjectConfigurationPlatforms) = postSolution
		{F877D20F-1D53-4CC5-B873-52BFD00295B8}.Debug|Any CPU.ActiveCfg = Debug|Any CPU
		{F877D20F-1D53-4CC5-B873-52BFD00295B8}.Debug|Any CPU.Build.0 = Debug|Any CPU
		{F877D20F-1D53-4CC5-B873-52BFD00295B8}.Release|Any CPU.ActiveCfg = Release|Any CPU
		{F877D20F-1D53-4CC5-B873-52BFD00295B8}.Release|Any CPU.Build.0 = Release|Any CPU
	EndGlobalSection
	GlobalSection(SolutionProperties) = preSolution
		HideSolutionNode = FALSE
	EndGlobalSection
	GlobalSection(ExtensibilityGlobals) = postSolution
		SolutionGuid = {672980C3-B630-4CF1-8F02-CAEF88A41C11}
	EndGlobalSection
EndGlobal
